hash: 5e20e63a305141d8725aceaa198ae9cd73f6bbfdb14c51ce7a69fc40978e3fb5
updated: 2017-07-31T13:10:38.494952622-07:00
imports:
- name: github.com/appc/spec
  version: ba99d6b8ccbbed2942e53eb5395fddae113cdf8e
  subpackages:
  - aci
  - pkg/device
  - pkg/tarheader
  - schema
  - schema/common
  - schema/types
  - schema/types/resource
- name: github.com/armon/go-metrics
  version: f036747b9d0e8590f175a5d654a2194a7d9df4b5
- name: github.com/asaskevich/govalidator
  version: 9699ab6b38bee2e02cd3fe8b99ecf67665395c96
- name: github.com/coreos/go-semver
  version: 1817cd4bea52af76542157eeabd74b057d1a199e
  subpackages:
  - semver
- name: github.com/ghodss/yaml
  version: c3eb24aeea63668ebdac08d2e252f20df8b6b1ae
- name: github.com/golang/protobuf
  version: 888eb0692c857ec880338addf316bd662d5e630e
  subpackages:
  - proto
  - ptypes/any
- name: github.com/hashicorp/go-msgpack
  version: fa3f63826f7c23912c15263591e65d54d080b458
  subpackages:
  - codec
- name: github.com/hashicorp/memberlist
  version: a93fbd426dd831f5a66db3adc6a5ffa6f44cc60a
- name: github.com/intelsdi-x/gomit
  version: 286c3ad6599724faed681cd18a9ff595b00d9f3f
- name: github.com/intelsdi-x/snap-plugin-lib-go
  version: 3e667d03c92e7d5247e536e4df037f6c84692229
  subpackages:
  - v1/plugin
  - v1/plugin/rpc
- name: github.com/intelsdi-x/snap-plugin-utilities
  version: 3c37e3965f3fc2f24714779d3bae7ba7032b87a9
  subpackages:
  - str
- name: github.com/julienschmidt/httprouter
  version: 8c199fb6259ffc1af525cc3ad52ee60ba8359669
- name: github.com/pborman/uuid
  version: ca53cad383cad2479bbba7f7a1a05797ec1386e4
- name: github.com/robfig/cron
  version: 32d9c273155a0506d27cf73dd1246e86a470997e
- name: github.com/rs/cors
  version: 8dd4211afb5d08dbb39a533b9bb9e4b486351df6
- name: github.com/sirupsen/logrus
  version: be52937128b38f1d99787bb476c789e2af1147f1
- name: github.com/spf13/pflag
  version: e57e3eeb33f795204c1ca35f56c44f83227c6e66
- name: github.com/urfave/cli
  version: 0bdeddeeb0f650497d603c4ad7b20cfe685682f6
- name: github.com/urfave/negroni
  version: c7477ad8e330bef55bf1ebe300cf8aa67c492d1b
- name: github.com/vrischmann/jsonutil
  version: 694784f9315ee9fc763c1d30f28753cba21307aa
- name: github.com/xeipuuv/gojsonpointer
  version: 6fe8760cad3569743d51ddbb243b26f8456742dc
- name: github.com/xeipuuv/gojsonreference
  version: e02fc20de94c78484cd5ffb007f8af96be030a45
- name: github.com/xeipuuv/gojsonschema
  version: d3178baac32433047aa76f07317f84fbe2be6cda
- name: go4.org
  version: 034d17a462f7b2dcd1a4a73553ec5357ff6e6c6e
  subpackages:
  - errorutil
- name: golang.org/x/crypto
  version: aedad9a179ec1ea11b7064c57cbc6dc30d7724ec
  subpackages:
  - cast5
  - openpgp
  - openpgp/armor
  - openpgp/elgamal
  - openpgp/errors
  - openpgp/packet
  - openpgp/s2k
  - ssh/terminal
- name: golang.org/x/net
  version: 054b33e6527139ad5b1ec2f6232c3b175bd9a30c
  subpackages:
  - context
  - http2
  - http2/hpack
  - idna
  - internal/timeseries
  - lex/httplex
  - trace
- name: golang.org/x/sys
  version: abf9c25f54453410d0c6668e519582a9e1115027
  subpackages:
  - unix
- name: golang.org/x/text
  version: cfdf022e86b4ecfb646e1efbd7db175dd623a8fa
  subpackages:
  - secure/bidirule
  - transform
  - unicode/bidi
  - unicode/norm
- name: google.golang.org/genproto
  version: 40b7550fd0ba4b8f7e9d70ed40fcd4f3375db1de
  subpackages:
  - googleapis/rpc/status
- name: google.golang.org/grpc
  version: b8669c35455183da6d5c474ea6e72fbf55183274
  subpackages:
  - codes
  - credentials
  - grpclb/grpc_lb_v1
  - grpclog
  - internal
  - keepalive
  - metadata
  - naming
  - peer
  - stats
  - status
  - tap
  - transport
- name: gopkg.in/inf.v0
  version: 3887ee99ecf07df5b447e9b00d9c0b2adaa9f3e4
- name: gopkg.in/yaml.v2
  version: c1cd2254a6dd314c9d73c338c12688c9325d85c6
testImports:
- name: github.com/gopherjs/gopherjs
  version: 2b1d432c8a82c9bff0b0baffaeb3ec6e92974112
  subpackages:
  - js
- name: github.com/jtolds/gls
  version: 77f18212c9c7edc9bd6a33d383a7b545ce62f064
- name: github.com/smartystreets/assertions
  version: 4ea54c1f28ad3ae597e76607dea3871fa177e263
  subpackages:
  - internal/go-render/render
  - internal/oglematchers
- name: github.com/smartystreets/goconvey
  version: 9e8dc3f972df6c8fcc0375ef492c24d0bb204857
  subpackages:
  - convey
  - convey/gotest
  - convey/reporting
